# This file is autogenerated, do not edit; changes may be undone by the next 'dep ensure'.


[[projects]]
  branch = "master"
  name = "github.com/andals/gobox"
  packages = ["color","encoding","exception","http/controller","http/gracehttp","http/query","http/router","http/system","misc","mysql","pidfile","pool","redis"]
  revision = "9322e69a7e42c005c631c5caaf357115e5539084"

[[projects]]
  branch = "master"
  name = "github.com/andals/golog"
  packages = ["."]
  revision = "2799bcb36d9b41f510f0ae5203a9a69bb8768587"

[[projects]]
  name = "github.com/garyburd/redigo"
  packages = ["internal","redis"]
  revision = "47dc60e71eed504e3ef8e77ee3c6fe720f3be57f"
  version = "v1.3.0"

[[projects]]
  name = "github.com/go-sql-driver/mysql"
  packages = ["."]
  revision = "a0583e0143b1624142adab07e0e97fe106d99561"
  version = "v1.3"

[solve-meta]
  analyzer-name = "dep"
  analyzer-version = 1
  inputs-digest = "42172cfeb6a7d32306ca7b64da99bdbca09c585df7dd904b5aa8ecf7b8bbaf76"
  solver-name = "gps-cdcl"
  solver-version = 1
